// !$*UTF8*$!
{
	archiveVersion = 1;
	classes = {
	};
	objectVersion = 46;
	objects = {

/* Begin PBXBuildFile section */
		0CA0F699FD2580C910D17DF4 /* Pods_Lanex.framework in Frameworks */ = {isa = PBXBuildFile; fileRef = 3A1B27970A3A777738DDD940 /* Pods_Lanex.framework */; };
		58AF307E167D2F75B3A44EF2 /* Pods_LanexTests.framework in Frameworks */ = {isa = PBXBuildFile; fileRef = 2767F75FB858C0492B0EDCB7 /* Pods_LanexTests.framework */; };
		7033BD638C6801B5F92710CE /* Pods_LanexUITests.framework in Frameworks */ = {isa = PBXBuildFile; fileRef = 5EB2B33EAED8116C81EA5A6F /* Pods_LanexUITests.framework */; };
		962DEFC91F7283A700D622BC /* AppDelegate.swift in Sources */ = {isa = PBXBuildFile; fileRef = 962DEFC81F7283A700D622BC /* AppDelegate.swift */; };
		962DEFCB1F7283A700D622BC /* ViewController.swift in Sources */ = {isa = PBXBuildFile; fileRef = 962DEFCA1F7283A700D622BC /* ViewController.swift */; };
		962DEFCE1F7283A700D622BC /* Main.storyboard in Resources */ = {isa = PBXBuildFile; fileRef = 962DEFCC1F7283A700D622BC /* Main.storyboard */; };
		962DEFD01F7283A700D622BC /* Assets.xcassets in Resources */ = {isa = PBXBuildFile; fileRef = 962DEFCF1F7283A700D622BC /* Assets.xcassets */; };
		962DEFD31F7283A700D622BC /* LaunchScreen.storyboard in Resources */ = {isa = PBXBuildFile; fileRef = 962DEFD11F7283A700D622BC /* LaunchScreen.storyboard */; };
		962DEFDE1F7283A700D622BC /* LanexTests.swift in Sources */ = {isa = PBXBuildFile; fileRef = 962DEFDD1F7283A700D622BC /* LanexTests.swift */; };
		962DEFE91F7283A700D622BC /* LanexUITests.swift in Sources */ = {isa = PBXBuildFile; fileRef = 962DEFE81F7283A700D622BC /* LanexUITests.swift */; };
		962DEFFB1F7399C400D622BC /* EditSkillViewController.swift in Sources */ = {isa = PBXBuildFile; fileRef = 962DEFFA1F7399C400D622BC /* EditSkillViewController.swift */; };
		962DEFFD1F73FE7F00D622BC /* AddSkillViewController.swift in Sources */ = {isa = PBXBuildFile; fileRef = 962DEFFC1F73FE7F00D622BC /* AddSkillViewController.swift */; };
		96993E791F7D499000D8D7EC /* SkillManager.swift in Sources */ = {isa = PBXBuildFile; fileRef = 96993E781F7D499000D8D7EC /* SkillManager.swift */; };
		96BD1B191F7B80DA0020B523 /* UIViewController+Extension.swift in Sources */ = {isa = PBXBuildFile; fileRef = 96BD1B181F7B80DA0020B523 /* UIViewController+Extension.swift */; };
		96BD1B1D1F7B93B40020B523 /* SkillCanvas.swift in Sources */ = {isa = PBXBuildFile; fileRef = 96BD1B1C1F7B93B40020B523 /* SkillCanvas.swift */; };
		96BD1B1F1F7B9EE80020B523 /* SkillView.swift in Sources */ = {isa = PBXBuildFile; fileRef = 96BD1B1E1F7B9EE80020B523 /* SkillView.swift */; };
		96C6B75F1F74EEDE00148331 /* TableViewCell.swift in Sources */ = {isa = PBXBuildFile; fileRef = 96C6B75E1F74EEDE00148331 /* TableViewCell.swift */; };
		96FAF4BC1F78B27C00AF922D /* CollectionViewController.swift in Sources */ = {isa = PBXBuildFile; fileRef = 96FAF4BB1F78B27C00AF922D /* CollectionViewController.swift */; };
		96FAF4BE1F78BB6E00AF922D /* CollectionViewCell.swift in Sources */ = {isa = PBXBuildFile; fileRef = 96FAF4BD1F78BB6E00AF922D /* CollectionViewCell.swift */; };
/* End PBXBuildFile section */

/* Begin PBXContainerItemProxy section */
		962DEFDA1F7283A700D622BC /* PBXContainerItemProxy */ = {
			isa = PBXContainerItemProxy;
			containerPortal = 962DEFBD1F7283A700D622BC /* Project object */;
			proxyType = 1;
			remoteGlobalIDString = 962DEFC41F7283A700D622BC;
			remoteInfo = Lanex;
		};
		962DEFE51F7283A700D622BC /* PBXContainerItemProxy */ = {
			isa = PBXContainerItemProxy;
			containerPortal = 962DEFBD1F7283A700D622BC /* Project object */;
			proxyType = 1;
			remoteGlobalIDString = 962DEFC41F7283A700D622BC;
			remoteInfo = Lanex;
		};
/* End PBXContainerItemProxy section */

/* Begin PBXFileReference section */
		061F7E3E9FB509F041B58B9E /* Pods-LanexUITests.release.xcconfig */ = {isa = PBXFileReference; includeInIndex = 1; lastKnownFileType = text.xcconfig; name = "Pods-LanexUITests.release.xcconfig"; path = "Pods/Target Support Files/Pods-LanexUITests/Pods-LanexUITests.release.xcconfig"; sourceTree = "<group>"; };
		12EBD5BBF1DB9E045F4ABE41 /* Pods-Lanex.release.xcconfig */ = {isa = PBXFileReference; includeInIndex = 1; lastKnownFileType = text.xcconfig; name = "Pods-Lanex.release.xcconfig"; path = "Pods/Target Support Files/Pods-Lanex/Pods-Lanex.release.xcconfig"; sourceTree = "<group>"; };
		2767F75FB858C0492B0EDCB7 /* Pods_LanexTests.framework */ = {isa = PBXFileReference; explicitFileType = wrapper.framework; includeInIndex = 0; path = Pods_LanexTests.framework; sourceTree = BUILT_PRODUCTS_DIR; };
		3A1B27970A3A777738DDD940 /* Pods_Lanex.framework */ = {isa = PBXFileReference; explicitFileType = wrapper.framework; includeInIndex = 0; path = Pods_Lanex.framework; sourceTree = BUILT_PRODUCTS_DIR; };
		5EB2B33EAED8116C81EA5A6F /* Pods_LanexUITests.framework */ = {isa = PBXFileReference; explicitFileType = wrapper.framework; includeInIndex = 0; path = Pods_LanexUITests.framework; sourceTree = BUILT_PRODUCTS_DIR; };
		5F47774DC90B36B37DBE40CC /* Pods-LanexTests.debug.xcconfig */ = {isa = PBXFileReference; includeInIndex = 1; lastKnownFileType = text.xcconfig; name = "Pods-LanexTests.debug.xcconfig"; path = "Pods/Target Support Files/Pods-LanexTests/Pods-LanexTests.debug.xcconfig"; sourceTree = "<group>"; };
		6ED846744DA28B7E5ED5D86C /* Pods-Lanex.debug.xcconfig */ = {isa = PBXFileReference; includeInIndex = 1; lastKnownFileType = text.xcconfig; name = "Pods-Lanex.debug.xcconfig"; path = "Pods/Target Support Files/Pods-Lanex/Pods-Lanex.debug.xcconfig"; sourceTree = "<group>"; };
		6F43AD32CC678806CCA808B9 /* Pods-LanexUITests.debug.xcconfig */ = {isa = PBXFileReference; includeInIndex = 1; lastKnownFileType = text.xcconfig; name = "Pods-LanexUITests.debug.xcconfig"; path = "Pods/Target Support Files/Pods-LanexUITests/Pods-LanexUITests.debug.xcconfig"; sourceTree = "<group>"; };
		962DEFC51F7283A700D622BC /* Lanex.app */ = {isa = PBXFileReference; explicitFileType = wrapper.application; includeInIndex = 0; path = Lanex.app; sourceTree = BUILT_PRODUCTS_DIR; };
		962DEFC81F7283A700D622BC /* AppDelegate.swift */ = {isa = PBXFileReference; lastKnownFileType = sourcecode.swift; path = AppDelegate.swift; sourceTree = "<group>"; };
		962DEFCA1F7283A700D622BC /* ViewController.swift */ = {isa = PBXFileReference; lastKnownFileType = sourcecode.swift; path = ViewController.swift; sourceTree = "<group>"; };
		962DEFCD1F7283A700D622BC /* Base */ = {isa = PBXFileReference; lastKnownFileType = file.storyboard; name = Base; path = Base.lproj/Main.storyboard; sourceTree = "<group>"; };
		962DEFCF1F7283A700D622BC /* Assets.xcassets */ = {isa = PBXFileReference; lastKnownFileType = folder.assetcatalog; path = Assets.xcassets; sourceTree = "<group>"; };
		962DEFD21F7283A700D622BC /* Base */ = {isa = PBXFileReference; lastKnownFileType = file.storyboard; name = Base; path = Base.lproj/LaunchScreen.storyboard; sourceTree = "<group>"; };
		962DEFD41F7283A700D622BC /* Info.plist */ = {isa = PBXFileReference; lastKnownFileType = text.plist.xml; path = Info.plist; sourceTree = "<group>"; };
		962DEFD91F7283A700D622BC /* LanexTests.xctest */ = {isa = PBXFileReference; explicitFileType = wrapper.cfbundle; includeInIndex = 0; path = LanexTests.xctest; sourceTree = BUILT_PRODUCTS_DIR; };
		962DEFDD1F7283A700D622BC /* LanexTests.swift */ = {isa = PBXFileReference; lastKnownFileType = sourcecode.swift; path = LanexTests.swift; sourceTree = "<group>"; };
		962DEFDF1F7283A700D622BC /* Info.plist */ = {isa = PBXFileReference; lastKnownFileType = text.plist.xml; path = Info.plist; sourceTree = "<group>"; };
		962DEFE41F7283A700D622BC /* LanexUITests.xctest */ = {isa = PBXFileReference; explicitFileType = wrapper.cfbundle; includeInIndex = 0; path = LanexUITests.xctest; sourceTree = BUILT_PRODUCTS_DIR; };
		962DEFE81F7283A700D622BC /* LanexUITests.swift */ = {isa = PBXFileReference; lastKnownFileType = sourcecode.swift; path = LanexUITests.swift; sourceTree = "<group>"; };
		962DEFEA1F7283A700D622BC /* Info.plist */ = {isa = PBXFileReference; lastKnownFileType = text.plist.xml; path = Info.plist; sourceTree = "<group>"; };
		962DEFFA1F7399C400D622BC /* EditSkillViewController.swift */ = {isa = PBXFileReference; fileEncoding = 4; lastKnownFileType = sourcecode.swift; path = EditSkillViewController.swift; sourceTree = "<group>"; };
		962DEFFC1F73FE7F00D622BC /* AddSkillViewController.swift */ = {isa = PBXFileReference; fileEncoding = 4; lastKnownFileType = sourcecode.swift; path = AddSkillViewController.swift; sourceTree = "<group>"; };
		96993E781F7D499000D8D7EC /* SkillManager.swift */ = {isa = PBXFileReference; lastKnownFileType = sourcecode.swift; path = SkillManager.swift; sourceTree = "<group>"; };
		96BD1B181F7B80DA0020B523 /* UIViewController+Extension.swift */ = {isa = PBXFileReference; fileEncoding = 4; lastKnownFileType = sourcecode.swift; path = "UIViewController+Extension.swift"; sourceTree = "<group>"; };
		96BD1B1C1F7B93B40020B523 /* SkillCanvas.swift */ = {isa = PBXFileReference; fileEncoding = 4; lastKnownFileType = sourcecode.swift; path = SkillCanvas.swift; sourceTree = "<group>"; };
		96BD1B1E1F7B9EE80020B523 /* SkillView.swift */ = {isa = PBXFileReference; fileEncoding = 4; lastKnownFileType = sourcecode.swift; path = SkillView.swift; sourceTree = "<group>"; };
		96C6B75E1F74EEDE00148331 /* TableViewCell.swift */ = {isa = PBXFileReference; fileEncoding = 4; lastKnownFileType = sourcecode.swift; path = TableViewCell.swift; sourceTree = "<group>"; };
		96C6B7621F7504D600148331 /* en */ = {isa = PBXFileReference; lastKnownFileType = text.plist.strings; name = en; path = en.lproj/Main.strings; sourceTree = "<group>"; };
		96FAF4BB1F78B27C00AF922D /* CollectionViewController.swift */ = {isa = PBXFileReference; fileEncoding = 4; lastKnownFileType = sourcecode.swift; path = CollectionViewController.swift; sourceTree = "<group>"; };
		96FAF4BD1F78BB6E00AF922D /* CollectionViewCell.swift */ = {isa = PBXFileReference; fileEncoding = 4; lastKnownFileType = sourcecode.swift; path = CollectionViewCell.swift; sourceTree = "<group>"; };
		A83F9CECDD180256BABB5033 /* Pods-LanexTests.release.xcconfig */ = {isa = PBXFileReference; includeInIndex = 1; lastKnownFileType = text.xcconfig; name = "Pods-LanexTests.release.xcconfig"; path = "Pods/Target Support Files/Pods-LanexTests/Pods-LanexTests.release.xcconfig"; sourceTree = "<group>"; };
/* End PBXFileReference section */

/* Begin PBXFrameworksBuildPhase section */
		962DEFC21F7283A700D622BC /* Frameworks */ = {
			isa = PBXFrameworksBuildPhase;
			buildActionMask = 2147483647;
			files = (
				0CA0F699FD2580C910D17DF4 /* Pods_Lanex.framework in Frameworks */,
			);
			runOnlyForDeploymentPostprocessing = 0;
		};
		962DEFD61F7283A700D622BC /* Frameworks */ = {
			isa = PBXFrameworksBuildPhase;
			buildActionMask = 2147483647;
			files = (
				58AF307E167D2F75B3A44EF2 /* Pods_LanexTests.framework in Frameworks */,
			);
			runOnlyForDeploymentPostprocessing = 0;
		};
		962DEFE11F7283A700D622BC /* Frameworks */ = {
			isa = PBXFrameworksBuildPhase;
			buildActionMask = 2147483647;
			files = (
				7033BD638C6801B5F92710CE /* Pods_LanexUITests.framework in Frameworks */,
			);
			runOnlyForDeploymentPostprocessing = 0;
		};
/* End PBXFrameworksBuildPhase section */

/* Begin PBXGroup section */
		962DEFBC1F7283A700D622BC = {
			isa = PBXGroup;
			children = (
				96993E771F7D497600D8D7EC /* Model */,
				96BD1B171F7B80780020B523 /* Helper */,
				962DEFC71F7283A700D622BC /* Lanex */,
				962DEFDC1F7283A700D622BC /* LanexTests */,
				962DEFE71F7283A700D622BC /* LanexUITests */,
				962DEFC61F7283A700D622BC /* Products */,
				F30D791867BF6DCE39EF4B59 /* Pods */,
				FB4AF6F642274D1F8E14B50F /* Frameworks */,
			);
			sourceTree = "<group>";
		};
		962DEFC61F7283A700D622BC /* Products */ = {
			isa = PBXGroup;
			children = (
				962DEFC51F7283A700D622BC /* Lanex.app */,
				962DEFD91F7283A700D622BC /* LanexTests.xctest */,
				962DEFE41F7283A700D622BC /* LanexUITests.xctest */,
			);
			name = Products;
			sourceTree = "<group>";
		};
		962DEFC71F7283A700D622BC /* Lanex */ = {
			isa = PBXGroup;
			children = (
				962DEFC81F7283A700D622BC /* AppDelegate.swift */,
				962DEFCA1F7283A700D622BC /* ViewController.swift */,
				962DEFFA1F7399C400D622BC /* EditSkillViewController.swift */,
				962DEFFC1F73FE7F00D622BC /* AddSkillViewController.swift */,
				96FAF4BB1F78B27C00AF922D /* CollectionViewController.swift */,
				96FAF4BD1F78BB6E00AF922D /* CollectionViewCell.swift */,
				96BD1B1E1F7B9EE80020B523 /* SkillView.swift */,
				96BD1B1C1F7B93B40020B523 /* SkillCanvas.swift */,
				96C6B75E1F74EEDE00148331 /* TableViewCell.swift */,
				962DEFCC1F7283A700D622BC /* Main.storyboard */,
				962DEFCF1F7283A700D622BC /* Assets.xcassets */,
				962DEFD11F7283A700D622BC /* LaunchScreen.storyboard */,
				962DEFD41F7283A700D622BC /* Info.plist */,
			);
			path = Lanex;
			sourceTree = "<group>";
		};
		962DEFDC1F7283A700D622BC /* LanexTests */ = {
			isa = PBXGroup;
			children = (
				962DEFDD1F7283A700D622BC /* LanexTests.swift */,
				962DEFDF1F7283A700D622BC /* Info.plist */,
			);
			path = LanexTests;
			sourceTree = "<group>";
		};
		962DEFE71F7283A700D622BC /* LanexUITests */ = {
			isa = PBXGroup;
			children = (
				962DEFE81F7283A700D622BC /* LanexUITests.swift */,
				962DEFEA1F7283A700D622BC /* Info.plist */,
			);
			path = LanexUITests;
			sourceTree = "<group>";
		};
		96993E771F7D497600D8D7EC /* Model */ = {
			isa = PBXGroup;
			children = (
				96993E781F7D499000D8D7EC /* SkillManager.swift */,
			);
			path = Model;
			sourceTree = "<group>";
		};
		96BD1B171F7B80780020B523 /* Helper */ = {
			isa = PBXGroup;
			children = (
				96BD1B181F7B80DA0020B523 /* UIViewController+Extension.swift */,
			);
			name = Helper;
			sourceTree = "<group>";
		};
		F30D791867BF6DCE39EF4B59 /* Pods */ = {
			isa = PBXGroup;
			children = (
				6ED846744DA28B7E5ED5D86C /* Pods-Lanex.debug.xcconfig */,
				12EBD5BBF1DB9E045F4ABE41 /* Pods-Lanex.release.xcconfig */,
				5F47774DC90B36B37DBE40CC /* Pods-LanexTests.debug.xcconfig */,
				A83F9CECDD180256BABB5033 /* Pods-LanexTests.release.xcconfig */,
				6F43AD32CC678806CCA808B9 /* Pods-LanexUITests.debug.xcconfig */,
				061F7E3E9FB509F041B58B9E /* Pods-LanexUITests.release.xcconfig */,
			);
			name = Pods;
			sourceTree = "<group>";
		};
		FB4AF6F642274D1F8E14B50F /* Frameworks */ = {
			isa = PBXGroup;
			children = (
				3A1B27970A3A777738DDD940 /* Pods_Lanex.framework */,
				2767F75FB858C0492B0EDCB7 /* Pods_LanexTests.framework */,
				5EB2B33EAED8116C81EA5A6F /* Pods_LanexUITests.framework */,
			);
			name = Frameworks;
			sourceTree = "<group>";
		};
/* End PBXGroup section */

/* Begin PBXNativeTarget section */
		962DEFC41F7283A700D622BC /* Lanex */ = {
			isa = PBXNativeTarget;
			buildConfigurationList = 962DEFED1F7283A700D622BC /* Build configuration list for PBXNativeTarget "Lanex" */;
			buildPhases = (
				ED79AED717116B09A12C1F69 /* [CP] Check Pods Manifest.lock */,
				962DEFC11F7283A700D622BC /* Sources */,
				962DEFC21F7283A700D622BC /* Frameworks */,
				962DEFC31F7283A700D622BC /* Resources */,
				2E16292146C1A032C47D7989 /* [CP] Embed Pods Frameworks */,
				AC3FA2A7BF1BCF6FC8D0BD09 /* [CP] Copy Pods Resources */,
			);
			buildRules = (
			);
			dependencies = (
			);
			name = Lanex;
			productName = Lanex;
			productReference = 962DEFC51F7283A700D622BC /* Lanex.app */;
			productType = "com.apple.product-type.application";
		};
		962DEFD81F7283A700D622BC /* LanexTests */ = {
			isa = PBXNativeTarget;
			buildConfigurationList = 962DEFF01F7283A700D622BC /* Build configuration list for PBXNativeTarget "LanexTests" */;
			buildPhases = (
				EEBCD392807838F21D40A1E4 /* [CP] Check Pods Manifest.lock */,
				962DEFD51F7283A700D622BC /* Sources */,
				962DEFD61F7283A700D622BC /* Frameworks */,
				962DEFD71F7283A700D622BC /* Resources */,
				28E4D985C561113CB3CC1B77 /* [CP] Embed Pods Frameworks */,
				5EDD8D6178F8FD011CFC122A /* [CP] Copy Pods Resources */,
			);
			buildRules = (
			);
			dependencies = (
				962DEFDB1F7283A700D622BC /* PBXTargetDependency */,
			);
			name = LanexTests;
			productName = LanexTests;
			productReference = 962DEFD91F7283A700D622BC /* LanexTests.xctest */;
			productType = "com.apple.product-type.bundle.unit-test";
		};
		962DEFE31F7283A700D622BC /* LanexUITests */ = {
			isa = PBXNativeTarget;
			buildConfigurationList = 962DEFF31F7283A700D622BC /* Build configuration list for PBXNativeTarget "LanexUITests" */;
			buildPhases = (
				D8130FDF645C81E17A8A2E4F /* [CP] Check Pods Manifest.lock */,
				962DEFE01F7283A700D622BC /* Sources */,
				962DEFE11F7283A700D622BC /* Frameworks */,
				962DEFE21F7283A700D622BC /* Resources */,
				110B72742CC9BD4743C31998 /* [CP] Embed Pods Frameworks */,
				7F4B8BC11A463F59930E2623 /* [CP] Copy Pods Resources */,
			);
			buildRules = (
			);
			dependencies = (
				962DEFE61F7283A700D622BC /* PBXTargetDependency */,
			);
			name = LanexUITests;
			productName = LanexUITests;
			productReference = 962DEFE41F7283A700D622BC /* LanexUITests.xctest */;
			productType = "com.apple.product-type.bundle.ui-testing";
		};
/* End PBXNativeTarget section */

/* Begin PBXProject section */
		962DEFBD1F7283A700D622BC /* Project object */ = {
			isa = PBXProject;
			attributes = {
				LastSwiftUpdateCheck = 0830;
				LastUpgradeCheck = 0830;
				ORGANIZATIONNAME = "Bryan Rivera";
				TargetAttributes = {
					962DEFC41F7283A700D622BC = {
						CreatedOnToolsVersion = 8.3.3;
						ProvisioningStyle = Automatic;
					};
					962DEFD81F7283A700D622BC = {
						CreatedOnToolsVersion = 8.3.3;
						ProvisioningStyle = Automatic;
						TestTargetID = 962DEFC41F7283A700D622BC;
					};
					962DEFE31F7283A700D622BC = {
						CreatedOnToolsVersion = 8.3.3;
						ProvisioningStyle = Automatic;
						TestTargetID = 962DEFC41F7283A700D622BC;
					};
				};
			};
			buildConfigurationList = 962DEFC01F7283A700D622BC /* Build configuration list for PBXProject "Lanex" */;
			compatibilityVersion = "Xcode 3.2";
			developmentRegion = English;
			hasScannedForEncodings = 0;
			knownRegions = (
				en,
				Base,
			);
			mainGroup = 962DEFBC1F7283A700D622BC;
			productRefGroup = 962DEFC61F7283A700D622BC /* Products */;
			projectDirPath = "";
			projectRoot = "";
			targets = (
				962DEFC41F7283A700D622BC /* Lanex */,
				962DEFD81F7283A700D622BC /* LanexTests */,
				962DEFE31F7283A700D622BC /* LanexUITests */,
			);
		};
/* End PBXProject section */

/* Begin PBXResourcesBuildPhase section */
		962DEFC31F7283A700D622BC /* Resources */ = {
			isa = PBXResourcesBuildPhase;
			buildActionMask = 2147483647;
			files = (
				962DEFD31F7283A700D622BC /* LaunchScreen.storyboard in Resources */,
				962DEFD01F7283A700D622BC /* Assets.xcassets in Resources */,
				962DEFCE1F7283A700D622BC /* Main.storyboard in Resources */,
			);
			runOnlyForDeploymentPostprocessing = 0;
		};
		962DEFD71F7283A700D622BC /* Resources */ = {
			isa = PBXResourcesBuildPhase;
			buildActionMask = 2147483647;
			files = (
			);
			runOnlyForDeploymentPostprocessing = 0;
		};
		962DEFE21F7283A700D622BC /* Resources */ = {
			isa = PBXResourcesBuildPhase;
			buildActionMask = 2147483647;
			files = (
			);
			runOnlyForDeploymentPostprocessing = 0;
		};
/* End PBXResourcesBuildPhase section */

/* Begin PBXShellScriptBuildPhase section */
		110B72742CC9BD4743C31998 /* [CP] Embed Pods Frameworks */ = {
			isa = PBXShellScriptBuildPhase;
			buildActionMask = 2147483647;
			files = (
			);
			inputPaths = (
			);
			name = "[CP] Embed Pods Frameworks";
			outputPaths = (
			);
			runOnlyForDeploymentPostprocessing = 0;
			shellPath = /bin/sh;
			shellScript = "\"${SRCROOT}/Pods/Target Support Files/Pods-LanexUITests/Pods-LanexUITests-frameworks.sh\"\n";
			showEnvVarsInLog = 0;
		};
		28E4D985C561113CB3CC1B77 /* [CP] Embed Pods Frameworks */ = {
			isa = PBXShellScriptBuildPhase;
			buildActionMask = 2147483647;
			files = (
			);
			inputPaths = (
			);
			name = "[CP] Embed Pods Frameworks";
			outputPaths = (
			);
			runOnlyForDeploymentPostprocessing = 0;
			shellPath = /bin/sh;
			shellScript = "\"${SRCROOT}/Pods/Target Support Files/Pods-LanexTests/Pods-LanexTests-frameworks.sh\"\n";
			showEnvVarsInLog = 0;
		};
		2E16292146C1A032C47D7989 /* [CP] Embed Pods Frameworks */ = {
			isa = PBXShellScriptBuildPhase;
			buildActionMask = 2147483647;
			files = (
			);
			inputPaths = (
				"${SRCROOT}/Pods/Target Support Files/Pods-Lanex/Pods-Lanex-frameworks.sh",
				"${BUILT_PRODUCTS_DIR}/SnapKit/SnapKit.framework",
			);
			name = "[CP] Embed Pods Frameworks";
			outputPaths = (
				"${TARGET_BUILD_DIR}/${FRAMEWORKS_FOLDER_PATH}/SnapKit.framework",
			);
			runOnlyForDeploymentPostprocessing = 0;
			shellPath = /bin/sh;
			shellScript = "\"${SRCROOT}/Pods/Target Support Files/Pods-Lanex/Pods-Lanex-frameworks.sh\"\n";
			showEnvVarsInLog = 0;
		};
		5EDD8D6178F8FD011CFC122A /* [CP] Copy Pods Resources */ = {
			isa = PBXShellScriptBuildPhase;
			buildActionMask = 2147483647;
			files = (
			);
			inputPaths = (
			);
			name = "[CP] Copy Pods Resources";
			outputPaths = (
			);
			runOnlyForDeploymentPostprocessing = 0;
			shellPath = /bin/sh;
			shellScript = "\"${SRCROOT}/Pods/Target Support Files/Pods-LanexTests/Pods-LanexTests-resources.sh\"\n";
			showEnvVarsInLog = 0;
		};
		7F4B8BC11A463F59930E2623 /* [CP] Copy Pods Resources */ = {
			isa = PBXShellScriptBuildPhase;
			buildActionMask = 2147483647;
			files = (
			);
			inputPaths = (
			);
			name = "[CP] Copy Pods Resources";
			outputPaths = (
			);
			runOnlyForDeploymentPostprocessing = 0;
			shellPath = /bin/sh;
			shellScript = "\"${SRCROOT}/Pods/Target Support Files/Pods-LanexUITests/Pods-LanexUITests-resources.sh\"\n";
			showEnvVarsInLog = 0;
		};
		AC3FA2A7BF1BCF6FC8D0BD09 /* [CP] Copy Pods Resources */ = {
			isa = PBXShellScriptBuildPhase;
			buildActionMask = 2147483647;
			files = (
			);
			inputPaths = (
			);
			name = "[CP] Copy Pods Resources";
			outputPaths = (
			);
			runOnlyForDeploymentPostprocessing = 0;
			shellPath = /bin/sh;
			shellScript = "\"${SRCROOT}/Pods/Target Support Files/Pods-Lanex/Pods-Lanex-resources.sh\"\n";
			showEnvVarsInLog = 0;
		};
		D8130FDF645C81E17A8A2E4F /* [CP] Check Pods Manifest.lock */ = {
			isa = PBXShellScriptBuildPhase;
			buildActionMask = 2147483647;
			files = (
			);
			inputPaths = (
				"${PODS_PODFILE_DIR_PATH}/Podfile.lock",
				"${PODS_ROOT}/Manifest.lock",
			);
			name = "[CP] Check Pods Manifest.lock";
			outputPaths = (
				"$(DERIVED_FILE_DIR)/Pods-LanexUITests-checkManifestLockResult.txt",
			);
			runOnlyForDeploymentPostprocessing = 0;
			shellPath = /bin/sh;
			shellScript = "diff \"${PODS_PODFILE_DIR_PATH}/Podfile.lock\" \"${PODS_ROOT}/Manifest.lock\" > /dev/null\nif [ $? != 0 ] ; then\n    # print error to STDERR\n    echo \"error: The sandbox is not in sync with the Podfile.lock. Run 'pod install' or update your CocoaPods installation.\" >&2\n    exit 1\nfi\n# This output is used by Xcode 'outputs' to avoid re-running this script phase.\necho \"SUCCESS\" > \"${SCRIPT_OUTPUT_FILE_0}\"\n";
			showEnvVarsInLog = 0;
		};
		ED79AED717116B09A12C1F69 /* [CP] Check Pods Manifest.lock */ = {
			isa = PBXShellScriptBuildPhase;
			buildActionMask = 2147483647;
			files = (
			);
			inputPaths = (
				"${PODS_PODFILE_DIR_PATH}/Podfile.lock",
				"${PODS_ROOT}/Manifest.lock",
			);
			name = "[CP] Check Pods Manifest.lock";
			outputPaths = (
				"$(DERIVED_FILE_DIR)/Pods-Lanex-checkManifestLockResult.txt",
			);
			runOnlyForDeploymentPostprocessing = 0;
			shellPath = /bin/sh;
			shellScript = "diff \"${PODS_PODFILE_DIR_PATH}/Podfile.lock\" \"${PODS_ROOT}/Manifest.lock\" > /dev/null\nif [ $? != 0 ] ; then\n    # print error to STDERR\n    echo \"error: The sandbox is not in sync with the Podfile.lock. Run 'pod install' or update your CocoaPods installation.\" >&2\n    exit 1\nfi\n# This output is used by Xcode 'outputs' to avoid re-running this script phase.\necho \"SUCCESS\" > \"${SCRIPT_OUTPUT_FILE_0}\"\n";
			showEnvVarsInLog = 0;
		};
		EEBCD392807838F21D40A1E4 /* [CP] Check Pods Manifest.lock */ = {
			isa = PBXShellScriptBuildPhase;
			buildActionMask = 2147483647;
			files = (
			);
			inputPaths = (
				"${PODS_PODFILE_DIR_PATH}/Podfile.lock",
				"${PODS_ROOT}/Manifest.lock",
			);
			name = "[CP] Check Pods Manifest.lock";
			outputPaths = (
				"$(DERIVED_FILE_DIR)/Pods-LanexTests-checkManifestLockResult.txt",
			);
			runOnlyForDeploymentPostprocessing = 0;
			shellPath = /bin/sh;
			shellScript = "diff \"${PODS_PODFILE_DIR_PATH}/Podfile.lock\" \"${PODS_ROOT}/Manifest.lock\" > /dev/null\nif [ $? != 0 ] ; then\n    # print error to STDERR\n    echo \"error: The sandbox is not in sync with the Podfile.lock. Run 'pod install' or update your CocoaPods installation.\" >&2\n    exit 1\nfi\n# This output is used by Xcode 'outputs' to avoid re-running this script phase.\necho \"SUCCESS\" > \"${SCRIPT_OUTPUT_FILE_0}\"\n";
			showEnvVarsInLog = 0;
		};
/* End PBXShellScriptBuildPhase section */

/* Begin PBXSourcesBuildPhase section */
		962DEFC11F7283A700D622BC /* Sources */ = {
			isa = PBXSourcesBuildPhase;
			buildActionMask = 2147483647;
			files = (
				96BD1B191F7B80DA0020B523 /* UIViewController+Extension.swift in Sources */,
				96BD1B1D1F7B93B40020B523 /* SkillCanvas.swift in Sources */,
				96FAF4BC1F78B27C00AF922D /* CollectionViewController.swift in Sources */,
				96C6B75F1F74EEDE00148331 /* TableViewCell.swift in Sources */,
				962DEFFB1F7399C400D622BC /* EditSkillViewController.swift in Sources */,
				96FAF4BE1F78BB6E00AF922D /* CollectionViewCell.swift in Sources */,
				96BD1B1F1F7B9EE80020B523 /* SkillView.swift in Sources */,
				962DEFFD1F73FE7F00D622BC /* AddSkillViewController.swift in Sources */,
				962DEFCB1F7283A700D622BC /* ViewController.swift in Sources */,
				96993E791F7D499000D8D7EC /* SkillManager.swift in Sources */,
				962DEFC91F7283A700D622BC /* AppDelegate.swift in Sources */,
			);
			runOnlyForDeploymentPostprocessing = 0;
		};
		962DEFD51F7283A700D622BC /* Sources */ = {
			isa = PBXSourcesBuildPhase;
			buildActionMask = 2147483647;
			files = (
				962DEFDE1F7283A700D622BC /* LanexTests.swift in Sources */,
			);
			runOnlyForDeploymentPostprocessing = 0;
		};
		962DEFE01F7283A700D622BC /* Sources */ = {
			isa = PBXSourcesBuildPhase;
			buildActionMask = 2147483647;
			files = (
				962DEFE91F7283A700D622BC /* LanexUITests.swift in Sources */,
			);
			runOnlyForDeploymentPostprocessing = 0;
		};
/* End PBXSourcesBuildPhase section */

/* Begin PBXTargetDependency section */
		962DEFDB1F7283A700D622BC /* PBXTargetDependency */ = {
			isa = PBXTargetDependency;
			target = 962DEFC41F7283A700D622BC /* Lanex */;
			targetProxy = 962DEFDA1F7283A700D622BC /* PBXContainerItemProxy */;
		};
		962DEFE61F7283A700D622BC /* PBXTargetDependency */ = {
			isa = PBXTargetDependency;
			target = 962DEFC41F7283A700D622BC /* Lanex */;
			targetProxy = 962DEFE51F7283A700D622BC /* PBXContainerItemProxy */;
		};
/* End PBXTargetDependency section */

/* Begin PBXVariantGroup section */
		962DEFCC1F7283A700D622BC /* Main.storyboard */ = {
			isa = PBXVariantGroup;
			children = (
				962DEFCD1F7283A700D622BC /* Base */,
				96C6B7621F7504D600148331 /* en */,
			);
			name = Main.storyboard;
			sourceTree = "<group>";
		};
		962DEFD11F7283A700D622BC /* LaunchScreen.storyboard */ = {
			isa = PBXVariantGroup;
			children = (
				962DEFD21F7283A700D622BC /* Base */,
			);
			name = LaunchScreen.storyboard;
			sourceTree = "<group>";
		};
/* End PBXVariantGroup section */

/* Begin XCBuildConfiguration section */
		962DEFEB1F7283A700D622BC /* Debug */ = {
			isa = XCBuildConfiguration;
			buildSettings = {
				ALWAYS_SEARCH_USER_PATHS = NO;
				CLANG_ANALYZER_NONNULL = YES;
				CLANG_ANALYZER_NUMBER_OBJECT_CONVERSION = YES_AGGRESSIVE;
				CLANG_CXX_LANGUAGE_STANDARD = "gnu++0x";
				CLANG_CXX_LIBRARY = "libc++";
				CLANG_ENABLE_MODULES = YES;
				CLANG_ENABLE_OBJC_ARC = YES;
				CLANG_WARN_BOOL_CONVERSION = YES;
				CLANG_WARN_CONSTANT_CONVERSION = YES;
				CLANG_WARN_DIRECT_OBJC_ISA_USAGE = YES_ERROR;
				CLANG_WARN_DOCUMENTATION_COMMENTS = YES;
				CLANG_WARN_EMPTY_BODY = YES;
				CLANG_WARN_ENUM_CONVERSION = YES;
				CLANG_WARN_INFINITE_RECURSION = YES;
				CLANG_WARN_INT_CONVERSION = YES;
				CLANG_WARN_OBJC_ROOT_CLASS = YES_ERROR;
				CLANG_WARN_SUSPICIOUS_MOVE = YES;
				CLANG_WARN_UNREACHABLE_CODE = YES;
				CLANG_WARN__DUPLICATE_METHOD_MATCH = YES;
				"CODE_SIGN_IDENTITY[sdk=iphoneos*]" = "iPhone Developer";
				COPY_PHASE_STRIP = NO;
				DEBUG_INFORMATION_FORMAT = dwarf;
				ENABLE_STRICT_OBJC_MSGSEND = YES;
				ENABLE_TESTABILITY = YES;
				GCC_C_LANGUAGE_STANDARD = gnu99;
				GCC_DYNAMIC_NO_PIC = NO;
				GCC_NO_COMMON_BLOCKS = YES;
				GCC_OPTIMIZATION_LEVEL = 0;
				GCC_PREPROCESSOR_DEFINITIONS = (
					"DEBUG=1",
					"$(inherited)",
				);
				GCC_WARN_64_TO_32_BIT_CONVERSION = YES;
				GCC_WARN_ABOUT_RETURN_TYPE = YES_ERROR;
				GCC_WARN_UNDECLARED_SELECTOR = YES;
				GCC_WARN_UNINITIALIZED_AUTOS = YES_AGGRESSIVE;
				GCC_WARN_UNUSED_FUNCTION = YES;
				GCC_WARN_UNUSED_VARIABLE = YES;
				IPHONEOS_DEPLOYMENT_TARGET = 10.3;
				MTL_ENABLE_DEBUG_INFO = YES;
				ONLY_ACTIVE_ARCH = YES;
				SDKROOT = iphoneos;
				SWIFT_ACTIVE_COMPILATION_CONDITIONS = DEBUG;
				SWIFT_OPTIMIZATION_LEVEL = "-Onone";
				TARGETED_DEVICE_FAMILY = "1,2";
			};
			name = Debug;
		};
		962DEFEC1F7283A700D622BC /* Release */ = {
			isa = XCBuildConfiguration;
			buildSettings = {
				ALWAYS_SEARCH_USER_PATHS = NO;
				CLANG_ANALYZER_NONNULL = YES;
				CLANG_ANALYZER_NUMBER_OBJECT_CONVERSION = YES_AGGRESSIVE;
				CLANG_CXX_LANGUAGE_STANDARD = "gnu++0x";
				CLANG_CXX_LIBRARY = "libc++";
				CLANG_ENABLE_MODULES = YES;
				CLANG_ENABLE_OBJC_ARC = YES;
				CLANG_WARN_BOOL_CONVERSION = YES;
				CLANG_WARN_CONSTANT_CONVERSION = YES;
				CLANG_WARN_DIRECT_OBJC_ISA_USAGE = YES_ERROR;
				CLANG_WARN_DOCUMENTATION_COMMENTS = YES;
				CLANG_WARN_EMPTY_BODY = YES;
				CLANG_WARN_ENUM_CONVERSION = YES;
				CLANG_WARN_INFINITE_RECURSION = YES;
				CLANG_WARN_INT_CONVERSION = YES;
				CLANG_WARN_OBJC_ROOT_CLASS = YES_ERROR;
				CLANG_WARN_SUSPICIOUS_MOVE = YES;
				CLANG_WARN_UNREACHABLE_CODE = YES;
				CLANG_WARN__DUPLICATE_METHOD_MATCH = YES;
				"CODE_SIGN_IDENTITY[sdk=iphoneos*]" = "iPhone Developer";
				COPY_PHASE_STRIP = NO;
				DEBUG_INFORMATION_FORMAT = "dwarf-with-dsym";
				ENABLE_NS_ASSERTIONS = NO;
				ENABLE_STRICT_OBJC_MSGSEND = YES;
				GCC_C_LANGUAGE_STANDARD = gnu99;
				GCC_NO_COMMON_BLOCKS = YES;
				GCC_WARN_64_TO_32_BIT_CONVERSION = YES;
				GCC_WARN_ABOUT_RETURN_TYPE = YES_ERROR;
				GCC_WARN_UNDECLARED_SELECTOR = YES;
				GCC_WARN_UNINITIALIZED_AUTOS = YES_AGGRESSIVE;
				GCC_WARN_UNUSED_FUNCTION = YES;
				GCC_WARN_UNUSED_VARIABLE = YES;
				IPHONEOS_DEPLOYMENT_TARGET = 10.3;
				MTL_ENABLE_DEBUG_INFO = NO;
				SDKROOT = iphoneos;
				SWIFT_OPTIMIZATION_LEVEL = "-Owholemodule";
				TARGETED_DEVICE_FAMILY = "1,2";
				VALIDATE_PRODUCT = YES;
			};
			name = Release;
		};
		962DEFEE1F7283A700D622BC /* Debug */ = {
			isa = XCBuildConfiguration;
			baseConfigurationReference = 6ED846744DA28B7E5ED5D86C /* Pods-Lanex.debug.xcconfig */;
			buildSettings = {
				ASSETCATALOG_COMPILER_APPICON_NAME = AppIcon;
				INFOPLIST_FILE = Lanex/Info.plist;
				LD_RUNPATH_SEARCH_PATHS = "$(inherited) @executable_path/Frameworks";
				PRODUCT_BUNDLE_IDENTIFIER = com.lanex.Lanex;
				PRODUCT_NAME = "$(TARGET_NAME)";
				SWIFT_VERSION = 3.0;
			};
			name = Debug;
		};
		962DEFEF1F7283A700D622BC /* Release */ = {
			isa = XCBuildConfiguration;
			baseConfigurationReference = 12EBD5BBF1DB9E045F4ABE41 /* Pods-Lanex.release.xcconfig */;
			buildSettings = {
				ASSETCATALOG_COMPILER_APPICON_NAME = AppIcon;
				INFOPLIST_FILE = Lanex/Info.plist;
				LD_RUNPATH_SEARCH_PATHS = "$(inherited) @executable_path/Frameworks";
				PRODUCT_BUNDLE_IDENTIFIER = com.lanex.Lanex;
				PRODUCT_NAME = "$(TARGET_NAME)";
				SWIFT_VERSION = 3.0;
			};
			name = Release;
		};
		962DEFF11F7283A700D622BC /* Debug */ = {
			isa = XCBuildConfiguration;
			baseConfigurationReference = 5F47774DC90B36B37DBE40CC /* Pods-LanexTests.debug.xcconfig */;
			buildSettings = {
				ALWAYS_EMBED_SWIFT_STANDARD_LIBRARIES = YES;
				BUNDLE_LOADER = "$(TEST_HOST)";
				INFOPLIST_FILE = LanexTests/Info.plist;
				LD_RUNPATH_SEARCH_PATHS = "$(inherited) @executable_path/Frameworks @loader_path/Frameworks";
				PRODUCT_BUNDLE_IDENTIFIER = com.lanex.LanexTests;
				PRODUCT_NAME = "$(TARGET_NAME)";
				SWIFT_VERSION = 3.0;
				TEST_HOST = "$(BUILT_PRODUCTS_DIR)/Lanex.app/Lanex";
			};
			name = Debug;
		};
		962DEFF21F7283A700D622BC /* Release */ = {
			isa = XCBuildConfiguration;
			baseConfigurationReference = A83F9CECDD180256BABB5033 /* Pods-LanexTests.release.xcconfig */;
			buildSettings = {
				ALWAYS_EMBED_SWIFT_STANDARD_LIBRARIES = YES;
				BUNDLE_LOADER = "$(TEST_HOST)";
				INFOPLIST_FILE = LanexTests/Info.plist;
				LD_RUNPATH_SEARCH_PATHS = "$(inherited) @executable_path/Frameworks @loader_path/Frameworks";
				PRODUCT_BUNDLE_IDENTIFIER = com.lanex.LanexTests;
				PRODUCT_NAME = "$(TARGET_NAME)";
				SWIFT_VERSION = 3.0;
				TEST_HOST = "$(BUILT_PRODUCTS_DIR)/Lanex.app/Lanex";
			};
			name = Release;
		};
		962DEFF41F7283A700D622BC /* Debug */ = {
			isa = XCBuildConfiguration;
			baseConfigurationReference = 6F43AD32CC678806CCA808B9 /* Pods-LanexUITests.debug.xcconfig */;
			buildSettings = {
				ALWAYS_EMBED_SWIFT_STANDARD_LIBRARIES = YES;
				INFOPLIST_FILE = LanexUITests/Info.plist;
				LD_RUNPATH_SEARCH_PATHS = "$(inherited) @executable_path/Frameworks @loader_path/Frameworks";
				PRODUCT_BUNDLE_IDENTIFIER = com.lanex.LanexUITests;
				PRODUCT_NAME = "$(TARGET_NAME)";
				SWIFT_VERSION = 3.0;
				TEST_TARGET_NAME = Lanex;
			};
			name = Debug;
		};
		962DEFF51F7283A700D622BC /* Release */ = {
			isa = XCBuildConfiguration;
			baseConfigurationReference = 061F7E3E9FB509F041B58B9E /* Pods-LanexUITests.release.xcconfig */;
			buildSettings = {
				ALWAYS_EMBED_SWIFT_STANDARD_LIBRARIES = YES;
				INFOPLIST_FILE = LanexUITests/Info.plist;
				LD_RUNPATH_SEARCH_PATHS = "$(inherited) @executable_path/Frameworks @loader_path/Frameworks";
				PRODUCT_BUNDLE_IDENTIFIER = com.lanex.LanexUITests;
				PRODUCT_NAME = "$(TARGET_NAME)";
				SWIFT_VERSION = 3.0;
				TEST_TARGET_NAME = Lanex;
			};
			name = Release;
		};
/* End XCBuildConfiguration section */

/* Begin XCConfigurationList section */
		962DEFC01F7283A700D622BC /* Build configuration list for PBXProject "Lanex" */ = {
			isa = XCConfigurationList;
			buildConfigurations = (
				962DEFEB1F7283A700D622BC /* Debug */,
				962DEFEC1F7283A700D622BC /* Release */,
			);
			defaultConfigurationIsVisible = 0;
			defaultConfigurationName = Release;
		};
		962DEFED1F7283A700D622BC /* Build configuration list for PBXNativeTarget "Lanex" */ = {
			isa = XCConfigurationList;
			buildConfigurations = (
				962DEFEE1F7283A700D622BC /* Debug */,
				962DEFEF1F7283A700D622BC /* Release */,
			);
			defaultConfigurationIsVisible = 0;
			defaultConfigurationName = Release;
		};
		962DEFF01F7283A700D622BC /* Build configuration list for PBXNativeTarget "LanexTests" */ = {
			isa = XCConfigurationList;
			buildConfigurations = (
				962DEFF11F7283A700D622BC /* Debug */,
				962DEFF21F7283A700D622BC /* Release */,
			);
			defaultConfigurationIsVisible = 0;
			defaultConfigurationName = Release;
		};
		962DEFF31F7283A700D622BC /* Build configuration list for PBXNativeTarget "LanexUITests" */ = {
			isa = XCConfigurationList;
			buildConfigurations = (
				962DEFF41F7283A700D622BC /* Debug */,
				962DEFF51F7283A700D622BC /* Release */,
			);
			defaultConfigurationIsVisible = 0;
			defaultConfigurationName = Release;
		};
/* End XCConfigurationList section */
	};
	rootObject = 962DEFBD1F7283A700D622BC /* Project object */;
}
