// !$*UTF8*$!
{
	archiveVersion = 1;
	classes = {
	};
	objectVersion = 46;
	objects = {

/* Begin PBXBuildFile section */
		962DEFC91F7283A700D622BC /* AppDelegate.swift in Sources */ = {isa = PBXBuildFile; fileRef = 962DEFC81F7283A700D622BC /* AppDelegate.swift */; };
		962DEFCB1F7283A700D622BC /* ViewController.swift in Sources */ = {isa = PBXBuildFile; fileRef = 962DEFCA1F7283A700D622BC /* ViewController.swift */; };
		962DEFCE1F7283A700D622BC /* Main.storyboard in Resources */ = {isa = PBXBuildFile; fileRef = 962DEFCC1F7283A700D622BC /* Main.storyboard */; };
		962DEFD01F7283A700D622BC /* Assets.xcassets in Resources */ = {isa = PBXBuildFile; fileRef = 962DEFCF1F7283A700D622BC /* Assets.xcassets */; };
		962DEFD31F7283A700D622BC /* LaunchScreen.storyboard in Resources */ = {isa = PBXBuildFile; fileRef = 962DEFD11F7283A700D622BC /* LaunchScreen.storyboard */; };
		962DEFDE1F7283A700D622BC /* LanexTests.swift in Sources */ = {isa = PBXBuildFile; fileRef = 962DEFDD1F7283A700D622BC /* LanexTests.swift */; };
		962DEFE91F7283A700D622BC /* LanexUITests.swift in Sources */ = {isa = PBXBuildFile; fileRef = 962DEFE81F7283A700D622BC /* LanexUITests.swift */; };
/* End PBXBuildFile section */

/* Begin PBXContainerItemProxy section */
		962DEFDA1F7283A700D622BC /* PBXContainerItemProxy */ = {
			isa = PBXContainerItemProxy;
			containerPortal = 962DEFBD1F7283A700D622BC /* Project object */;
			proxyType = 1;
			remoteGlobalIDString = 962DEFC41F7283A700D622BC;
			remoteInfo = Lanex;
		};
		962DEFE51F7283A700D622BC /* PBXContainerItemProxy */ = {
			isa = PBXContainerItemProxy;
			containerPortal = 962DEFBD1F7283A700D622BC /* Project object */;
			proxyType = 1;
			remoteGlobalIDString = 962DEFC41F7283A700D622BC;
			remoteInfo = Lanex;
		};
/* End PBXContainerItemProxy section */

/* Begin PBXFileReference section */
		962DEFC51F7283A700D622BC /* Lanex.app */ = {isa = PBXFileReference; explicitFileType = wrapper.application; includeInIndex = 0; path = Lanex.app; sourceTree = BUILT_PRODUCTS_DIR; };
		962DEFC81F7283A700D622BC /* AppDelegate.swift */ = {isa = PBXFileReference; lastKnownFileType = sourcecode.swift; path = AppDelegate.swift; sourceTree = "<group>"; };
		962DEFCA1F7283A700D622BC /* ViewController.swift */ = {isa = PBXFileReference; lastKnownFileType = sourcecode.swift; path = ViewController.swift; sourceTree = "<group>"; };
		962DEFCD1F7283A700D622BC /* Base */ = {isa = PBXFileReference; lastKnownFileType = file.storyboard; name = Base; path = Base.lproj/Main.storyboard; sourceTree = "<group>"; };
		962DEFCF1F7283A700D622BC /* Assets.xcassets */ = {isa = PBXFileReference; lastKnownFileType = folder.assetcatalog; path = Assets.xcassets; sourceTree = "<group>"; };
		962DEFD21F7283A700D622BC /* Base */ = {isa = PBXFileReference; lastKnownFileType = file.storyboard; name = Base; path = Base.lproj/LaunchScreen.storyboard; sourceTree = "<group>"; };
		962DEFD41F7283A700D622BC /* Info.plist */ = {isa = PBXFileReference; lastKnownFileType = text.plist.xml; path = Info.plist; sourceTree = "<group>"; };
		962DEFD91F7283A700D622BC /* LanexTests.xctest */ = {isa = PBXFileReference; explicitFileType = wrapper.cfbundle; includeInIndex = 0; path = LanexTests.xctest; sourceTree = BUILT_PRODUCTS_DIR; };
		962DEFDD1F7283A700D622BC /* LanexTests.swift */ = {isa = PBXFileReference; lastKnownFileType = sourcecode.swift; path = LanexTests.swift; sourceTree = "<group>"; };
		962DEFDF1F7283A700D622BC /* Info.plist */ = {isa = PBXFileReference; lastKnownFileType = text.plist.xml; path = Info.plist; sourceTree = "<group>"; };
		962DEFE41F7283A700D622BC /* LanexUITests.xctest */ = {isa = PBXFileReference; explicitFileType = wrapper.cfbundle; includeInIndex = 0; path = LanexUITests.xctest; sourceTree = BUILT_PRODUCTS_DIR; };
		962DEFE81F7283A700D622BC /* LanexUITests.swift */ = {isa = PBXFileReference; lastKnownFileType = sourcecode.swift; path = LanexUITests.swift; sourceTree = "<group>"; };
		962DEFEA1F7283A700D622BC /* Info.plist */ = {isa = PBXFileReference; lastKnownFileType = text.plist.xml; path = Info.plist; sourceTree = "<group>"; };
/* End PBXFileReference section */

/* Begin PBXFrameworksBuildPhase section */
		962DEFC21F7283A700D622BC /* Frameworks */ = {
			isa = PBXFrameworksBuildPhase;
			buildActionMask = 2147483647;
			files = (
			);
			runOnlyForDeploymentPostprocessing = 0;
		};
		962DEFD61F7283A700D622BC /* Frameworks */ = {
			isa = PBXFrameworksBuildPhase;
			buildActionMask = 2147483647;
			files = (
			);
			runOnlyForDeploymentPostprocessing = 0;
		};
		962DEFE11F7283A700D622BC /* Frameworks */ = {
			isa = PBXFrameworksBuildPhase;
			buildActionMask = 2147483647;
			files = (
			);
			runOnlyForDeploymentPostprocessing = 0;
		};
/* End PBXFrameworksBuildPhase section */

/* Begin PBXGroup section */
		962DEFBC1F7283A700D622BC = {
			isa = PBXGroup;
			children = (
				962DEFC71F7283A700D622BC /* Lanex */,
				962DEFDC1F7283A700D622BC /* LanexTests */,
				962DEFE71F7283A700D622BC /* LanexUITests */,
				962DEFC61F7283A700D622BC /* Products */,
			);
			sourceTree = "<group>";
		};
		962DEFC61F7283A700D622BC /* Products */ = {
			isa = PBXGroup;
			children = (
				962DEFC51F7283A700D622BC /* Lanex.app */,
				962DEFD91F7283A700D622BC /* LanexTests.xctest */,
				962DEFE41F7283A700D622BC /* LanexUITests.xctest */,
			);
			name = Products;
			sourceTree = "<group>";
		};
		962DEFC71F7283A700D622BC /* Lanex */ = {
			isa = PBXGroup;
			children = (
				962DEFC81F7283A700D622BC /* AppDelegate.swift */,
				962DEFCA1F7283A700D622BC /* ViewController.swift */,
				962DEFCC1F7283A700D622BC /* Main.storyboard */,
				962DEFCF1F7283A700D622BC /* Assets.xcassets */,
				962DEFD11F7283A700D622BC /* LaunchScreen.storyboard */,
				962DEFD41F7283A700D622BC /* Info.plist */,
			);
			path = Lanex;
			sourceTree = "<group>";
		};
		962DEFDC1F7283A700D622BC /* LanexTests */ = {
			isa = PBXGroup;
			children = (
				962DEFDD1F7283A700D622BC /* LanexTests.swift */,
				962DEFDF1F7283A700D622BC /* Info.plist */,
			);
			path = LanexTests;
			sourceTree = "<group>";
		};
		962DEFE71F7283A700D622BC /* LanexUITests */ = {
			isa = PBXGroup;
			children = (
				962DEFE81F7283A700D622BC /* LanexUITests.swift */,
				962DEFEA1F7283A700D622BC /* Info.plist */,
			);
			path = LanexUITests;
			sourceTree = "<group>";
		};
/* End PBXGroup section */

/* Begin PBXNativeTarget section */
		962DEFC41F7283A700D622BC /* Lanex */ = {
			isa = PBXNativeTarget;
			buildConfigurationList = 962DEFED1F7283A700D622BC /* Build configuration list for PBXNativeTarget "Lanex" */;
			buildPhases = (
				962DEFC11F7283A700D622BC /* Sources */,
				962DEFC21F7283A700D622BC /* Frameworks */,
				962DEFC31F7283A700D622BC /* Resources */,
			);
			buildRules = (
			);
			dependencies = (
			);
			name = Lanex;
			productName = Lanex;
			productReference = 962DEFC51F7283A700D622BC /* Lanex.app */;
			productType = "com.apple.product-type.application";
		};
		962DEFD81F7283A700D622BC /* LanexTests */ = {
			isa = PBXNativeTarget;
			buildConfigurationList = 962DEFF01F7283A700D622BC /* Build configuration list for PBXNativeTarget "LanexTests" */;
			buildPhases = (
				962DEFD51F7283A700D622BC /* Sources */,
				962DEFD61F7283A700D622BC /* Frameworks */,
				962DEFD71F7283A700D622BC /* Resources */,
			);
			buildRules = (
			);
			dependencies = (
				962DEFDB1F7283A700D622BC /* PBXTargetDependency */,
			);
			name = LanexTests;
			productName = LanexTests;
			productReference = 962DEFD91F7283A700D622BC /* LanexTests.xctest */;
			productType = "com.apple.product-type.bundle.unit-test";
		};
		962DEFE31F7283A700D622BC /* LanexUITests */ = {
			isa = PBXNativeTarget;
			buildConfigurationList = 962DEFF31F7283A700D622BC /* Build configuration list for PBXNativeTarget "LanexUITests" */;
			buildPhases = (
				962DEFE01F7283A700D622BC /* Sources */,
				962DEFE11F7283A700D622BC /* Frameworks */,
				962DEFE21F7283A700D622BC /* Resources */,
			);
			buildRules = (
			);
			dependencies = (
				962DEFE61F7283A700D622BC /* PBXTargetDependency */,
			);
			name = LanexUITests;
			productName = LanexUITests;
			productReference = 962DEFE41F7283A700D622BC /* LanexUITests.xctest */;
			productType = "com.apple.product-type.bundle.ui-testing";
		};
/* End PBXNativeTarget section */

/* Begin PBXProject section */
		962DEFBD1F7283A700D622BC /* Project object */ = {
			isa = PBXProject;
			attributes = {
				LastSwiftUpdateCheck = 0830;
				LastUpgradeCheck = 0830;
				ORGANIZATIONNAME = "Bryan Rivera";
				TargetAttributes = {
					962DEFC41F7283A700D622BC = {
						CreatedOnToolsVersion = 8.3.3;
						ProvisioningStyle = Automatic;
					};
					962DEFD81F7283A700D622BC = {
						CreatedOnToolsVersion = 8.3.3;
						ProvisioningStyle = Automatic;
						TestTargetID = 962DEFC41F7283A700D622BC;
					};
					962DEFE31F7283A700D622BC = {
						CreatedOnToolsVersion = 8.3.3;
						ProvisioningStyle = Automatic;
						TestTargetID = 962DEFC41F7283A700D622BC;
					};
				};
			};
			buildConfigurationList = 962DEFC01F7283A700D622BC /* Build configuration list for PBXProject "Lanex" */;
			compatibilityVersion = "Xcode 3.2";
			developmentRegion = English;
			hasScannedForEncodings = 0;
			knownRegions = (
				en,
				Base,
			);
			mainGroup = 962DEFBC1F7283A700D622BC;
			productRefGroup = 962DEFC61F7283A700D622BC /* Products */;
			projectDirPath = "";
			projectRoot = "";
			targets = (
				962DEFC41F7283A700D622BC /* Lanex */,
				962DEFD81F7283A700D622BC /* LanexTests */,
				962DEFE31F7283A700D622BC /* LanexUITests */,
			);
		};
/* End PBXProject section */

/* Begin PBXResourcesBuildPhase section */
		962DEFC31F7283A700D622BC /* Resources */ = {
			isa = PBXResourcesBuildPhase;
			buildActionMask = 2147483647;
			files = (
				962DEFD31F7283A700D622BC /* LaunchScreen.storyboard in Resources */,
				962DEFD01F7283A700D622BC /* Assets.xcassets in Resources */,
				962DEFCE1F7283A700D622BC /* Main.storyboard in Resources */,
			);
			runOnlyForDeploymentPostprocessing = 0;
		};
		962DEFD71F7283A700D622BC /* Resources */ = {
			isa = PBXResourcesBuildPhase;
			buildActionMask = 2147483647;
			files = (
			);
			runOnlyForDeploymentPostprocessing = 0;
		};
		962DEFE21F7283A700D622BC /* Resources */ = {
			isa = PBXResourcesBuildPhase;
			buildActionMask = 2147483647;
			files = (
			);
			runOnlyForDeploymentPostprocessing = 0;
		};
/* End PBXResourcesBuildPhase section */

/* Begin PBXSourcesBuildPhase section */
		962DEFC11F7283A700D622BC /* Sources */ = {
			isa = PBXSourcesBuildPhase;
			buildActionMask = 2147483647;
			files = (
				962DEFCB1F7283A700D622BC /* ViewController.swift in Sources */,
				962DEFC91F7283A700D622BC /* AppDelegate.swift in Sources */,
			);
			runOnlyForDeploymentPostprocessing = 0;
		};
		962DEFD51F7283A700D622BC /* Sources */ = {
			isa = PBXSourcesBuildPhase;
			buildActionMask = 2147483647;
			files = (
				962DEFDE1F7283A700D622BC /* LanexTests.swift in Sources */,
			);
			runOnlyForDeploymentPostprocessing = 0;
		};
		962DEFE01F7283A700D622BC /* Sources */ = {
			isa = PBXSourcesBuildPhase;
			buildActionMask = 2147483647;
			files = (
				962DEFE91F7283A700D622BC /* LanexUITests.swift in Sources */,
			);
			runOnlyForDeploymentPostprocessing = 0;
		};
/* End PBXSourcesBuildPhase section */

/* Begin PBXTargetDependency section */
		962DEFDB1F7283A700D622BC /* PBXTargetDependency */ = {
			isa = PBXTargetDependency;
			target = 962DEFC41F7283A700D622BC /* Lanex */;
			targetProxy = 962DEFDA1F7283A700D622BC /* PBXContainerItemProxy */;
		};
		962DEFE61F7283A700D622BC /* PBXTargetDependency */ = {
			isa = PBXTargetDependency;
			target = 962DEFC41F7283A700D622BC /* Lanex */;
			targetProxy = 962DEFE51F7283A700D622BC /* PBXContainerItemProxy */;
		};
/* End PBXTargetDependency section */

/* Begin PBXVariantGroup section */
		962DEFCC1F7283A700D622BC /* Main.storyboard */ = {
			isa = PBXVariantGroup;
			children = (
				962DEFCD1F7283A700D622BC /* Base */,
			);
			name = Main.storyboard;
			sourceTree = "<group>";
		};
		962DEFD11F7283A700D622BC /* LaunchScreen.storyboard */ = {
			isa = PBXVariantGroup;
			children = (
				962DEFD21F7283A700D622BC /* Base */,
			);
			name = LaunchScreen.storyboard;
			sourceTree = "<group>";
		};
/* End PBXVariantGroup section */

/* Begin XCBuildConfiguration section */
		962DEFEB1F7283A700D622BC /* Debug */ = {
			isa = XCBuildConfiguration;
			buildSettings = {
				ALWAYS_SEARCH_USER_PATHS = NO;
				CLANG_ANALYZER_NONNULL = YES;
				CLANG_ANALYZER_NUMBER_OBJECT_CONVERSION = YES_AGGRESSIVE;
				CLANG_CXX_LANGUAGE_STANDARD = "gnu++0x";
				CLANG_CXX_LIBRARY = "libc++";
				CLANG_ENABLE_MODULES = YES;
				CLANG_ENABLE_OBJC_ARC = YES;
				CLANG_WARN_BOOL_CONVERSION = YES;
				CLANG_WARN_CONSTANT_CONVERSION = YES;
				CLANG_WARN_DIRECT_OBJC_ISA_USAGE = YES_ERROR;
				CLANG_WARN_DOCUMENTATION_COMMENTS = YES;
				CLANG_WARN_EMPTY_BODY = YES;
				CLANG_WARN_ENUM_CONVERSION = YES;
				CLANG_WARN_INFINITE_RECURSION = YES;
				CLANG_WARN_INT_CONVERSION = YES;
				CLANG_WARN_OBJC_ROOT_CLASS = YES_ERROR;
				CLANG_WARN_SUSPICIOUS_MOVE = YES;
				CLANG_WARN_UNREACHABLE_CODE = YES;
				CLANG_WARN__DUPLICATE_METHOD_MATCH = YES;
				"CODE_SIGN_IDENTITY[sdk=iphoneos*]" = "iPhone Developer";
				COPY_PHASE_STRIP = NO;
				DEBUG_INFORMATION_FORMAT = dwarf;
				ENABLE_STRICT_OBJC_MSGSEND = YES;
				ENABLE_TESTABILITY = YES;
				GCC_C_LANGUAGE_STANDARD = gnu99;
				GCC_DYNAMIC_NO_PIC = NO;
				GCC_NO_COMMON_BLOCKS = YES;
				GCC_OPTIMIZATION_LEVEL = 0;
				GCC_PREPROCESSOR_DEFINITIONS = (
					"DEBUG=1",
					"$(inherited)",
				);
				GCC_WARN_64_TO_32_BIT_CONVERSION = YES;
				GCC_WARN_ABOUT_RETURN_TYPE = YES_ERROR;
				GCC_WARN_UNDECLARED_SELECTOR = YES;
				GCC_WARN_UNINITIALIZED_AUTOS = YES_AGGRESSIVE;
				GCC_WARN_UNUSED_FUNCTION = YES;
				GCC_WARN_UNUSED_VARIABLE = YES;
				IPHONEOS_DEPLOYMENT_TARGET = 10.3;
				MTL_ENABLE_DEBUG_INFO = YES;
				ONLY_ACTIVE_ARCH = YES;
				SDKROOT = iphoneos;
				SWIFT_ACTIVE_COMPILATION_CONDITIONS = DEBUG;
				SWIFT_OPTIMIZATION_LEVEL = "-Onone";
				TARGETED_DEVICE_FAMILY = "1,2";
			};
			name = Debug;
		};
		962DEFEC1F7283A700D622BC /* Release */ = {
			isa = XCBuildConfiguration;
			buildSettings = {
				ALWAYS_SEARCH_USER_PATHS = NO;
				CLANG_ANALYZER_NONNULL = YES;
				CLANG_ANALYZER_NUMBER_OBJECT_CONVERSION = YES_AGGRESSIVE;
				CLANG_CXX_LANGUAGE_STANDARD = "gnu++0x";
				CLANG_CXX_LIBRARY = "libc++";
				CLANG_ENABLE_MODULES = YES;
				CLANG_ENABLE_OBJC_ARC = YES;
				CLANG_WARN_BOOL_CONVERSION = YES;
				CLANG_WARN_CONSTANT_CONVERSION = YES;
				CLANG_WARN_DIRECT_OBJC_ISA_USAGE = YES_ERROR;
				CLANG_WARN_DOCUMENTATION_COMMENTS = YES;
				CLANG_WARN_EMPTY_BODY = YES;
				CLANG_WARN_ENUM_CONVERSION = YES;
				CLANG_WARN_INFINITE_RECURSION = YES;
				CLANG_WARN_INT_CONVERSION = YES;
				CLANG_WARN_OBJC_ROOT_CLASS = YES_ERROR;
				CLANG_WARN_SUSPICIOUS_MOVE = YES;
				CLANG_WARN_UNREACHABLE_CODE = YES;
				CLANG_WARN__DUPLICATE_METHOD_MATCH = YES;
				"CODE_SIGN_IDENTITY[sdk=iphoneos*]" = "iPhone Developer";
				COPY_PHASE_STRIP = NO;
				DEBUG_INFORMATION_FORMAT = "dwarf-with-dsym";
				ENABLE_NS_ASSERTIONS = NO;
				ENABLE_STRICT_OBJC_MSGSEND = YES;
				GCC_C_LANGUAGE_STANDARD = gnu99;
				GCC_NO_COMMON_BLOCKS = YES;
				GCC_WARN_64_TO_32_BIT_CONVERSION = YES;
				GCC_WARN_ABOUT_RETURN_TYPE = YES_ERROR;
				GCC_WARN_UNDECLARED_SELECTOR = YES;
				GCC_WARN_UNINITIALIZED_AUTOS = YES_AGGRESSIVE;
				GCC_WARN_UNUSED_FUNCTION = YES;
				GCC_WARN_UNUSED_VARIABLE = YES;
				IPHONEOS_DEPLOYMENT_TARGET = 10.3;
				MTL_ENABLE_DEBUG_INFO = NO;
				SDKROOT = iphoneos;
				SWIFT_OPTIMIZATION_LEVEL = "-Owholemodule";
				TARGETED_DEVICE_FAMILY = "1,2";
				VALIDATE_PRODUCT = YES;
			};
			name = Release;
		};
		962DEFEE1F7283A700D622BC /* Debug */ = {
			isa = XCBuildConfiguration;
			buildSettings = {
				ASSETCATALOG_COMPILER_APPICON_NAME = AppIcon;
				INFOPLIST_FILE = Lanex/Info.plist;
				LD_RUNPATH_SEARCH_PATHS = "$(inherited) @executable_path/Frameworks";
				PRODUCT_BUNDLE_IDENTIFIER = com.lanex.Lanex;
				PRODUCT_NAME = "$(TARGET_NAME)";
				SWIFT_VERSION = 3.0;
			};
			name = Debug;
		};
		962DEFEF1F7283A700D622BC /* Release */ = {
			isa = XCBuildConfiguration;
			buildSettings = {
				ASSETCATALOG_COMPILER_APPICON_NAME = AppIcon;
				INFOPLIST_FILE = Lanex/Info.plist;
				LD_RUNPATH_SEARCH_PATHS = "$(inherited) @executable_path/Frameworks";
				PRODUCT_BUNDLE_IDENTIFIER = com.lanex.Lanex;
				PRODUCT_NAME = "$(TARGET_NAME)";
				SWIFT_VERSION = 3.0;
			};
			name = Release;
		};
		962DEFF11F7283A700D622BC /* Debug */ = {
			isa = XCBuildConfiguration;
			buildSettings = {
				ALWAYS_EMBED_SWIFT_STANDARD_LIBRARIES = YES;
				BUNDLE_LOADER = "$(TEST_HOST)";
				INFOPLIST_FILE = LanexTests/Info.plist;
				LD_RUNPATH_SEARCH_PATHS = "$(inherited) @executable_path/Frameworks @loader_path/Frameworks";
				PRODUCT_BUNDLE_IDENTIFIER = com.lanex.LanexTests;
				PRODUCT_NAME = "$(TARGET_NAME)";
				SWIFT_VERSION = 3.0;
				TEST_HOST = "$(BUILT_PRODUCTS_DIR)/Lanex.app/Lanex";
			};
			name = Debug;
		};
		962DEFF21F7283A700D622BC /* Release */ = {
			isa = XCBuildConfiguration;
			buildSettings = {
				ALWAYS_EMBED_SWIFT_STANDARD_LIBRARIES = YES;
				BUNDLE_LOADER = "$(TEST_HOST)";
				INFOPLIST_FILE = LanexTests/Info.plist;
				LD_RUNPATH_SEARCH_PATHS = "$(inherited) @executable_path/Frameworks @loader_path/Frameworks";
				PRODUCT_BUNDLE_IDENTIFIER = com.lanex.LanexTests;
				PRODUCT_NAME = "$(TARGET_NAME)";
				SWIFT_VERSION = 3.0;
				TEST_HOST = "$(BUILT_PRODUCTS_DIR)/Lanex.app/Lanex";
			};
			name = Release;
		};
		962DEFF41F7283A700D622BC /* Debug */ = {
			isa = XCBuildConfiguration;
			buildSettings = {
				ALWAYS_EMBED_SWIFT_STANDARD_LIBRARIES = YES;
				INFOPLIST_FILE = LanexUITests/Info.plist;
				LD_RUNPATH_SEARCH_PATHS = "$(inherited) @executable_path/Frameworks @loader_path/Frameworks";
				PRODUCT_BUNDLE_IDENTIFIER = com.lanex.LanexUITests;
				PRODUCT_NAME = "$(TARGET_NAME)";
				SWIFT_VERSION = 3.0;
				TEST_TARGET_NAME = Lanex;
			};
			name = Debug;
		};
		962DEFF51F7283A700D622BC /* Release */ = {
			isa = XCBuildConfiguration;
			buildSettings = {
				ALWAYS_EMBED_SWIFT_STANDARD_LIBRARIES = YES;
				INFOPLIST_FILE = LanexUITests/Info.plist;
				LD_RUNPATH_SEARCH_PATHS = "$(inherited) @executable_path/Frameworks @loader_path/Frameworks";
				PRODUCT_BUNDLE_IDENTIFIER = com.lanex.LanexUITests;
				PRODUCT_NAME = "$(TARGET_NAME)";
				SWIFT_VERSION = 3.0;
				TEST_TARGET_NAME = Lanex;
			};
			name = Release;
		};
/* End XCBuildConfiguration section */

/* Begin XCConfigurationList section */
		962DEFC01F7283A700D622BC /* Build configuration list for PBXProject "Lanex" */ = {
			isa = XCConfigurationList;
			buildConfigurations = (
				962DEFEB1F7283A700D622BC /* Debug */,
				962DEFEC1F7283A700D622BC /* Release */,
			);
			defaultConfigurationIsVisible = 0;
			defaultConfigurationName = Release;
		};
		962DEFED1F7283A700D622BC /* Build configuration list for PBXNativeTarget "Lanex" */ = {
			isa = XCConfigurationList;
			buildConfigurations = (
				962DEFEE1F7283A700D622BC /* Debug */,
				962DEFEF1F7283A700D622BC /* Release */,
			);
			defaultConfigurationIsVisible = 0;
		};
		962DEFF01F7283A700D622BC /* Build configuration list for PBXNativeTarget "LanexTests" */ = {
			isa = XCConfigurationList;
			buildConfigurations = (
				962DEFF11F7283A700D622BC /* Debug */,
				962DEFF21F7283A700D622BC /* Release */,
			);
			defaultConfigurationIsVisible = 0;
		};
		962DEFF31F7283A700D622BC /* Build configuration list for PBXNativeTarget "LanexUITests" */ = {
			isa = XCConfigurationList;
			buildConfigurations = (
				962DEFF41F7283A700D622BC /* Debug */,
				962DEFF51F7283A700D622BC /* Release */,
			);
			defaultConfigurationIsVisible = 0;
		};
/* End XCConfigurationList section */
	};
	rootObject = 962DEFBD1F7283A700D622BC /* Project object */;
}
